
Microsoft Visual Studio Solution File, Format Version 12.00
# Visual Studio Version 17
VisualStudioVersion = 17.0.31912.275
MinimumVisualStudioVersion = 10.0.40219.1
Project("{FAE04EC0-301F-11D3-BF4B-00C04F79EFBC}") = "IleriRepository", "IleriRepository\IleriRepository.csproj", "{F8E4B136-3FBD-45BE-AEA2-BEFF02E160C2}"
EndProject
Global
	GlobalSection(SolutionConfigurationPlatforms) = preSolution
		Debug|Any CPU = Debug|Any CPU
		Release|Any CPU = Release|Any CPU
	EndGlobalSection
	GlobalSection(ProjectConfigurationPlatforms) = postSolution
		{F8E4B136-3FBD-45BE-AEA2-BEFF02E160C2}.Debug|Any CPU.ActiveCfg = Debug|Any CPU
		{F8E4B136-3FBD-45BE-AEA2-BEFF02E160C2}.Debug|Any CPU.Build.0 = Debug|Any CPU
		{F8E4B136-3FBD-45BE-AEA2-BEFF02E160C2}.Release|Any CPU.ActiveCfg = Release|Any CPU
		{F8E4B136-3FBD-45BE-AEA2-BEFF02E160C2}.Release|Any CPU.Build.0 = Release|Any CPU
	EndGlobalSection
	GlobalSection(SolutionProperties) = preSolution
		HideSolutionNode = FALSE
	EndGlobalSection
	GlobalSection(ExtensibilityGlobals) = postSolution
		SolutionGuid = {F7B9D3CE-A1C6-406F-9980-5491D9C1E46D}
	EndGlobalSection
EndGlobal
